
Microsoft Visual Studio Solution File, Format Version 12.00
# Visual Studio Version 17
VisualStudioVersion = 17.5.002.0
MinimumVisualStudioVersion = 10.0.40219.1
Project("{2150E333-8FDC-42A3-9474-1A3956D46DE8}") = "csharp-prep", "csharp-prep", "{486E8070-4AE3-4909-91AE-8DC0C8083346}"
EndProject
Project("{9A19103F-16F7-4668-BE54-9A1E7A4F7556}") = "Prep1", "csharp-prep\Prep1\Prep1.csproj", "{3B7E1F41-8C8C-4A94-B1BB-BC399776DAAC}"
EndProject
Project("{9A19103F-16F7-4668-BE54-9A1E7A4F7556}") = "Prep2", "csharp-prep\Prep2\Prep2.csproj", "{3DA3C44D-B37E-4498-9B4D-F3831CFB64ED}"
EndProject
Project("{9A19103F-16F7-4668-BE54-9A1E7A4F7556}") = "Prep3", "csharp-prep\Prep3\Prep3.csproj", "{D9C6B75C-9B5F-42F6-A9CA-630C3EB1C907}"
EndProject
Project("{9A19103F-16F7-4668-BE54-9A1E7A4F7556}") = "Prep4", "csharp-prep\Prep4\Prep4.csproj", "{F6B1A688-49C8-4296-B554-3072079EC1A4}"
EndProject
Project("{9A19103F-16F7-4668-BE54-9A1E7A4F7556}") = "Prep5", "csharp-prep\Prep5\Prep5.csproj", "{F67FF29E-8FDF-4719-9644-8DB60FBEEDE3}"
EndProject
Project("{2150E333-8FDC-42A3-9474-1A3956D46DE8}") = "final", "final", "{FCF6EC14-1C87-4D43-8CAE-141B86E7B2EB}"
EndProject
Project("{9A19103F-16F7-4668-BE54-9A1E7A4F7556}") = "FinalProject", "final\FinalProject\FinalProject.csproj", "{AA2AD13A-D265-47BF-B2A0-E89B0CE4A028}"
EndProject
Project("{9A19103F-16F7-4668-BE54-9A1E7A4F7556}") = "Foundation1", "final\Foundation1\Foundation1.csproj", "{1C63C5F5-B5C3-4FF6-999A-84CA8106A34F}"
EndProject
Project("{9A19103F-16F7-4668-BE54-9A1E7A4F7556}") = "Foundation2", "final\Foundation2\Foundation2.csproj", "{E572B2BB-3BD8-4A25-AAFE-837A978852BB}"
EndProject
Project("{9A19103F-16F7-4668-BE54-9A1E7A4F7556}") = "Foundation3", "final\Foundation3\Foundation3.csproj", "{D2DAB903-96B2-4B71-9EC7-4F6033C3BB9A}"
EndProject
Project("{9A19103F-16F7-4668-BE54-9A1E7A4F7556}") = "Foundation4", "final\Foundation4\Foundation4.csproj", "{AC65733F-64B2-4DFD-B396-E42AE9768B63}"
EndProject
Project("{2150E333-8FDC-42A3-9474-1A3956D46DE8}") = "prepare", "prepare", "{121F6756-63D8-4C05-88D2-DC5A71137C77}"
EndProject
Project("{9A19103F-16F7-4668-BE54-9A1E7A4F7556}") = "Learning02", "prepare\Learning02\Learning02.csproj", "{F894C5FB-3288-40E8-965E-9CF8DEA9C43F}"
EndProject
Project("{9A19103F-16F7-4668-BE54-9A1E7A4F7556}") = "Learning03", "prepare\Learning03\Learning03.csproj", "{B4E72BFD-A6CF-4F5E-AB0B-9ED0C17D9D55}"
EndProject
Project("{9A19103F-16F7-4668-BE54-9A1E7A4F7556}") = "Learning04", "prepare\Learning04\Learning04.csproj", "{0F78AFED-1E42-4484-949B-1AC331B8C3F0}"
EndProject
Project("{9A19103F-16F7-4668-BE54-9A1E7A4F7556}") = "Learning05", "prepare\Learning05\Learning05.csproj", "{D97F6C16-C4C5-4DEB-BBD9-BEAF45950041}"
EndProject
Project("{2150E333-8FDC-42A3-9474-1A3956D46DE8}") = "prove", "prove", "{47B514BF-9784-44ED-ADEE-5ACECA15B485}"
EndProject
Project("{9A19103F-16F7-4668-BE54-9A1E7A4F7556}") = "Develop02", "prove\Develop02\Develop02.csproj", "{A31F80B9-2E31-4252-93E1-79D19E25365C}"
EndProject
Project("{9A19103F-16F7-4668-BE54-9A1E7A4F7556}") = "Develop03", "prove\Develop03\Develop03.csproj", "{F5B17426-034D-46AE-9407-6CBF6E3BBE52}"
EndProject
Project("{9A19103F-16F7-4668-BE54-9A1E7A4F7556}") = "Develop04", "prove\Develop04\Develop04.csproj", "{60686E03-184B-4926-9A97-420F0162989D}"
EndProject
Project("{9A19103F-16F7-4668-BE54-9A1E7A4F7556}") = "Develop05", "prove\Develop05\Develop05.csproj", "{2E2DF7BF-2EC4-4F93-B7BA-E1817ED245C8}"
EndProject
Project("{2150E333-8FDC-42A3-9474-1A3956D46DE8}") = "sandbox", "sandbox", "{55358437-7814-4E90-AD82-D3E563D3D8D9}"
EndProject
Project("{9A19103F-16F7-4668-BE54-9A1E7A4F7556}") = "Sandbox", "sandbox\Sandbox\Sandbox.csproj", "{226401B7-F35B-4D74-9AC5-912F3C19FC4A}"
EndProject
Global
	GlobalSection(SolutionConfigurationPlatforms) = preSolution
		Debug|Any CPU = Debug|Any CPU
		Release|Any CPU = Release|Any CPU
	EndGlobalSection
	GlobalSection(ProjectConfigurationPlatforms) = postSolution
		{3B7E1F41-8C8C-4A94-B1BB-BC399776DAAC}.Debug|Any CPU.ActiveCfg = Debug|Any CPU
		{3B7E1F41-8C8C-4A94-B1BB-BC399776DAAC}.Debug|Any CPU.Build.0 = Debug|Any CPU
		{3B7E1F41-8C8C-4A94-B1BB-BC399776DAAC}.Release|Any CPU.ActiveCfg = Release|Any CPU
		{3B7E1F41-8C8C-4A94-B1BB-BC399776DAAC}.Release|Any CPU.Build.0 = Release|Any CPU
		{3DA3C44D-B37E-4498-9B4D-F3831CFB64ED}.Debug|Any CPU.ActiveCfg = Debug|Any CPU
		{3DA3C44D-B37E-4498-9B4D-F3831CFB64ED}.Debug|Any CPU.Build.0 = Debug|Any CPU
		{3DA3C44D-B37E-4498-9B4D-F3831CFB64ED}.Release|Any CPU.ActiveCfg = Release|Any CPU
		{3DA3C44D-B37E-4498-9B4D-F3831CFB64ED}.Release|Any CPU.Build.0 = Release|Any CPU
		{D9C6B75C-9B5F-42F6-A9CA-630C3EB1C907}.Debug|Any CPU.ActiveCfg = Debug|Any CPU
		{D9C6B75C-9B5F-42F6-A9CA-630C3EB1C907}.Debug|Any CPU.Build.0 = Debug|Any CPU
		{D9C6B75C-9B5F-42F6-A9CA-630C3EB1C907}.Release|Any CPU.ActiveCfg = Release|Any CPU
		{D9C6B75C-9B5F-42F6-A9CA-630C3EB1C907}.Release|Any CPU.Build.0 = Release|Any CPU
		{F6B1A688-49C8-4296-B554-3072079EC1A4}.Debug|Any CPU.ActiveCfg = Debug|Any CPU
		{F6B1A688-49C8-4296-B554-3072079EC1A4}.Debug|Any CPU.Build.0 = Debug|Any CPU
		{F6B1A688-49C8-4296-B554-3072079EC1A4}.Release|Any CPU.ActiveCfg = Release|Any CPU
		{F6B1A688-49C8-4296-B554-3072079EC1A4}.Release|Any CPU.Build.0 = Release|Any CPU
		{F67FF29E-8FDF-4719-9644-8DB60FBEEDE3}.Debug|Any CPU.ActiveCfg = Debug|Any CPU
		{F67FF29E-8FDF-4719-9644-8DB60FBEEDE3}.Debug|Any CPU.Build.0 = Debug|Any CPU
		{F67FF29E-8FDF-4719-9644-8DB60FBEEDE3}.Release|Any CPU.ActiveCfg = Release|Any CPU
		{F67FF29E-8FDF-4719-9644-8DB60FBEEDE3}.Release|Any CPU.Build.0 = Release|Any CPU
		{AA2AD13A-D265-47BF-B2A0-E89B0CE4A028}.Debug|Any CPU.ActiveCfg = Debug|Any CPU
		{AA2AD13A-D265-47BF-B2A0-E89B0CE4A028}.Debug|Any CPU.Build.0 = Debug|Any CPU
		{AA2AD13A-D265-47BF-B2A0-E89B0CE4A028}.Release|Any CPU.ActiveCfg = Release|Any CPU
		{AA2AD13A-D265-47BF-B2A0-E89B0CE4A028}.Release|Any CPU.Build.0 = Release|Any CPU
		{1C63C5F5-B5C3-4FF6-999A-84CA8106A34F}.Debug|Any CPU.ActiveCfg = Debug|Any CPU
		{1C63C5F5-B5C3-4FF6-999A-84CA8106A34F}.Debug|Any CPU.Build.0 = Debug|Any CPU
		{1C63C5F5-B5C3-4FF6-999A-84CA8106A34F}.Release|Any CPU.ActiveCfg = Release|Any CPU
		{1C63C5F5-B5C3-4FF6-999A-84CA8106A34F}.Release|Any CPU.Build.0 = Release|Any CPU
		{E572B2BB-3BD8-4A25-AAFE-837A978852BB}.Debug|Any CPU.ActiveCfg = Debug|Any CPU
		{E572B2BB-3BD8-4A25-AAFE-837A978852BB}.Debug|Any CPU.Build.0 = Debug|Any CPU
		{E572B2BB-3BD8-4A25-AAFE-837A978852BB}.Release|Any CPU.ActiveCfg = Release|Any CPU
		{E572B2BB-3BD8-4A25-AAFE-837A978852BB}.Release|Any CPU.Build.0 = Release|Any CPU
		{D2DAB903-96B2-4B71-9EC7-4F6033C3BB9A}.Debug|Any CPU.ActiveCfg = Debug|Any CPU
		{D2DAB903-96B2-4B71-9EC7-4F6033C3BB9A}.Debug|Any CPU.Build.0 = Debug|Any CPU
		{D2DAB903-96B2-4B71-9EC7-4F6033C3BB9A}.Release|Any CPU.ActiveCfg = Release|Any CPU
		{D2DAB903-96B2-4B71-9EC7-4F6033C3BB9A}.Release|Any CPU.Build.0 = Release|Any CPU
		{AC65733F-64B2-4DFD-B396-E42AE9768B63}.Debug|Any CPU.ActiveCfg = Debug|Any CPU
		{AC65733F-64B2-4DFD-B396-E42AE9768B63}.Debug|Any CPU.Build.0 = Debug|Any CPU
		{AC65733F-64B2-4DFD-B396-E42AE9768B63}.Release|Any CPU.ActiveCfg = Release|Any CPU
		{AC65733F-64B2-4DFD-B396-E42AE9768B63}.Release|Any CPU.Build.0 = Release|Any CPU
		{F894C5FB-3288-40E8-965E-9CF8DEA9C43F}.Debug|Any CPU.ActiveCfg = Debug|Any CPU
		{F894C5FB-3288-40E8-965E-9CF8DEA9C43F}.Debug|Any CPU.Build.0 = Debug|Any CPU
		{F894C5FB-3288-40E8-965E-9CF8DEA9C43F}.Release|Any CPU.ActiveCfg = Release|Any CPU
		{F894C5FB-3288-40E8-965E-9CF8DEA9C43F}.Release|Any CPU.Build.0 = Release|Any CPU
		{B4E72BFD-A6CF-4F5E-AB0B-9ED0C17D9D55}.Debug|Any CPU.ActiveCfg = Debug|Any CPU
		{B4E72BFD-A6CF-4F5E-AB0B-9ED0C17D9D55}.Debug|Any CPU.Build.0 = Debug|Any CPU
		{B4E72BFD-A6CF-4F5E-AB0B-9ED0C17D9D55}.Release|Any CPU.ActiveCfg = Release|Any CPU
		{B4E72BFD-A6CF-4F5E-AB0B-9ED0C17D9D55}.Release|Any CPU.Build.0 = Release|Any CPU
		{0F78AFED-1E42-4484-949B-1AC331B8C3F0}.Debug|Any CPU.ActiveCfg = Debug|Any CPU
		{0F78AFED-1E42-4484-949B-1AC331B8C3F0}.Debug|Any CPU.Build.0 = Debug|Any CPU
		{0F78AFED-1E42-4484-949B-1AC331B8C3F0}.Release|Any CPU.ActiveCfg = Release|Any CPU
		{0F78AFED-1E42-4484-949B-1AC331B8C3F0}.Release|Any CPU.Build.0 = Release|Any CPU
		{D97F6C16-C4C5-4DEB-BBD9-BEAF45950041}.Debug|Any CPU.ActiveCfg = Debug|Any CPU
		{D97F6C16-C4C5-4DEB-BBD9-BEAF45950041}.Debug|Any CPU.Build.0 = Debug|Any CPU
		{D97F6C16-C4C5-4DEB-BBD9-BEAF45950041}.Release|Any CPU.ActiveCfg = Release|Any CPU
		{D97F6C16-C4C5-4DEB-BBD9-BEAF45950041}.Release|Any CPU.Build.0 = Release|Any CPU
		{A31F80B9-2E31-4252-93E1-79D19E25365C}.Debug|Any CPU.ActiveCfg = Debug|Any CPU
		{A31F80B9-2E31-4252-93E1-79D19E25365C}.Debug|Any CPU.Build.0 = Debug|Any CPU
		{A31F80B9-2E31-4252-93E1-79D19E25365C}.Release|Any CPU.ActiveCfg = Release|Any CPU
		{A31F80B9-2E31-4252-93E1-79D19E25365C}.Release|Any CPU.Build.0 = Release|Any CPU
		{F5B17426-034D-46AE-9407-6CBF6E3BBE52}.Debug|Any CPU.ActiveCfg = Debug|Any CPU
		{F5B17426-034D-46AE-9407-6CBF6E3BBE52}.Debug|Any CPU.Build.0 = Debug|Any CPU
		{F5B17426-034D-46AE-9407-6CBF6E3BBE52}.Release|Any CPU.ActiveCfg = Release|Any CPU
		{F5B17426-034D-46AE-9407-6CBF6E3BBE52}.Release|Any CPU.Build.0 = Release|Any CPU
		{60686E03-184B-4926-9A97-420F0162989D}.Debug|Any CPU.ActiveCfg = Debug|Any CPU
		{60686E03-184B-4926-9A97-420F0162989D}.Debug|Any CPU.Build.0 = Debug|Any CPU
		{60686E03-184B-4926-9A97-420F0162989D}.Release|Any CPU.ActiveCfg = Release|Any CPU
		{60686E03-184B-4926-9A97-420F0162989D}.Release|Any CPU.Build.0 = Release|Any CPU
		{2E2DF7BF-2EC4-4F93-B7BA-E1817ED245C8}.Debug|Any CPU.ActiveCfg = Debug|Any CPU
		{2E2DF7BF-2EC4-4F93-B7BA-E1817ED245C8}.Debug|Any CPU.Build.0 = Debug|Any CPU
		{2E2DF7BF-2EC4-4F93-B7BA-E1817ED245C8}.Release|Any CPU.ActiveCfg = Release|Any CPU
		{2E2DF7BF-2EC4-4F93-B7BA-E1817ED245C8}.Release|Any CPU.Build.0 = Release|Any CPU
		{226401B7-F35B-4D74-9AC5-912F3C19FC4A}.Debug|Any CPU.ActiveCfg = Debug|Any CPU
		{226401B7-F35B-4D74-9AC5-912F3C19FC4A}.Debug|Any CPU.Build.0 = Debug|Any CPU
		{226401B7-F35B-4D74-9AC5-912F3C19FC4A}.Release|Any CPU.ActiveCfg = Release|Any CPU
		{226401B7-F35B-4D74-9AC5-912F3C19FC4A}.Release|Any CPU.Build.0 = Release|Any CPU
	EndGlobalSection
	GlobalSection(SolutionProperties) = preSolution
		HideSolutionNode = FALSE
	EndGlobalSection
	GlobalSection(NestedProjects) = preSolution
		{3B7E1F41-8C8C-4A94-B1BB-BC399776DAAC} = {486E8070-4AE3-4909-91AE-8DC0C8083346}
		{3DA3C44D-B37E-4498-9B4D-F3831CFB64ED} = {486E8070-4AE3-4909-91AE-8DC0C8083346}
		{D9C6B75C-9B5F-42F6-A9CA-630C3EB1C907} = {486E8070-4AE3-4909-91AE-8DC0C8083346}
		{F6B1A688-49C8-4296-B554-3072079EC1A4} = {486E8070-4AE3-4909-91AE-8DC0C8083346}
		{F67FF29E-8FDF-4719-9644-8DB60FBEEDE3} = {486E8070-4AE3-4909-91AE-8DC0C8083346}
		{AA2AD13A-D265-47BF-B2A0-E89B0CE4A028} = {FCF6EC14-1C87-4D43-8CAE-141B86E7B2EB}
		{1C63C5F5-B5C3-4FF6-999A-84CA8106A34F} = {FCF6EC14-1C87-4D43-8CAE-141B86E7B2EB}
		{E572B2BB-3BD8-4A25-AAFE-837A978852BB} = {FCF6EC14-1C87-4D43-8CAE-141B86E7B2EB}
		{D2DAB903-96B2-4B71-9EC7-4F6033C3BB9A} = {FCF6EC14-1C87-4D43-8CAE-141B86E7B2EB}
		{AC65733F-64B2-4DFD-B396-E42AE9768B63} = {FCF6EC14-1C87-4D43-8CAE-141B86E7B2EB}
		{F894C5FB-3288-40E8-965E-9CF8DEA9C43F} = {121F6756-63D8-4C05-88D2-DC5A71137C77}
		{B4E72BFD-A6CF-4F5E-AB0B-9ED0C17D9D55} = {121F6756-63D8-4C05-88D2-DC5A71137C77}
		{0F78AFED-1E42-4484-949B-1AC331B8C3F0} = {121F6756-63D8-4C05-88D2-DC5A71137C77}
		{D97F6C16-C4C5-4DEB-BBD9-BEAF45950041} = {121F6756-63D8-4C05-88D2-DC5A71137C77}
		{A31F80B9-2E31-4252-93E1-79D19E25365C} = {47B514BF-9784-44ED-ADEE-5ACECA15B485}
		{F5B17426-034D-46AE-9407-6CBF6E3BBE52} = {47B514BF-9784-44ED-ADEE-5ACECA15B485}
		{60686E03-184B-4926-9A97-420F0162989D} = {47B514BF-9784-44ED-ADEE-5ACECA15B485}
		{2E2DF7BF-2EC4-4F93-B7BA-E1817ED245C8} = {47B514BF-9784-44ED-ADEE-5ACECA15B485}
		{226401B7-F35B-4D74-9AC5-912F3C19FC4A} = {55358437-7814-4E90-AD82-D3E563D3D8D9}
	EndGlobalSection
	GlobalSection(ExtensibilityGlobals) = postSolution
		SolutionGuid = {458B7C25-95E1-4585-97C6-C4686DA4DA0E}
	EndGlobalSection
EndGlobal
