
Microsoft Visual Studio Solution File, Format Version 12.00
# Visual Studio Version 17
VisualStudioVersion = 17.5.002.0
MinimumVisualStudioVersion = 10.0.40219.1
Project("{9A19103F-16F7-4668-BE54-9A1E7A4F7556}") = "Develop02", "Develop02\Develop02.csproj", "{67BE5978-AE57-4551-AFE4-6433E177171F}"
EndProject
Project("{9A19103F-16F7-4668-BE54-9A1E7A4F7556}") = "Develop03", "Develop03\Develop03.csproj", "{1A63A979-22D6-4E2D-ACF7-443886695A8B}"
EndProject
Project("{9A19103F-16F7-4668-BE54-9A1E7A4F7556}") = "Develop04", "Develop04\Develop04.csproj", "{EFC4D6B1-DCFD-4EAE-B0F6-62711E30D8DC}"
EndProject
Project("{9A19103F-16F7-4668-BE54-9A1E7A4F7556}") = "Develop05", "Develop05\Develop05.csproj", "{B31FE2BA-CC16-4FD5-B1E7-3B673A308DFF}"
EndProject
Global
	GlobalSection(SolutionConfigurationPlatforms) = preSolution
		Debug|Any CPU = Debug|Any CPU
		Release|Any CPU = Release|Any CPU
	EndGlobalSection
	GlobalSection(ProjectConfigurationPlatforms) = postSolution
		{67BE5978-AE57-4551-AFE4-6433E177171F}.Debug|Any CPU.ActiveCfg = Debug|Any CPU
		{67BE5978-AE57-4551-AFE4-6433E177171F}.Debug|Any CPU.Build.0 = Debug|Any CPU
		{67BE5978-AE57-4551-AFE4-6433E177171F}.Release|Any CPU.ActiveCfg = Release|Any CPU
		{67BE5978-AE57-4551-AFE4-6433E177171F}.Release|Any CPU.Build.0 = Release|Any CPU
		{1A63A979-22D6-4E2D-ACF7-443886695A8B}.Debug|Any CPU.ActiveCfg = Debug|Any CPU
		{1A63A979-22D6-4E2D-ACF7-443886695A8B}.Debug|Any CPU.Build.0 = Debug|Any CPU
		{1A63A979-22D6-4E2D-ACF7-443886695A8B}.Release|Any CPU.ActiveCfg = Release|Any CPU
		{1A63A979-22D6-4E2D-ACF7-443886695A8B}.Release|Any CPU.Build.0 = Release|Any CPU
		{EFC4D6B1-DCFD-4EAE-B0F6-62711E30D8DC}.Debug|Any CPU.ActiveCfg = Debug|Any CPU
		{EFC4D6B1-DCFD-4EAE-B0F6-62711E30D8DC}.Debug|Any CPU.Build.0 = Debug|Any CPU
		{EFC4D6B1-DCFD-4EAE-B0F6-62711E30D8DC}.Release|Any CPU.ActiveCfg = Release|Any CPU
		{EFC4D6B1-DCFD-4EAE-B0F6-62711E30D8DC}.Release|Any CPU.Build.0 = Release|Any CPU
		{B31FE2BA-CC16-4FD5-B1E7-3B673A308DFF}.Debug|Any CPU.ActiveCfg = Debug|Any CPU
		{B31FE2BA-CC16-4FD5-B1E7-3B673A308DFF}.Debug|Any CPU.Build.0 = Debug|Any CPU
		{B31FE2BA-CC16-4FD5-B1E7-3B673A308DFF}.Release|Any CPU.ActiveCfg = Release|Any CPU
		{B31FE2BA-CC16-4FD5-B1E7-3B673A308DFF}.Release|Any CPU.Build.0 = Release|Any CPU
	EndGlobalSection
	GlobalSection(SolutionProperties) = preSolution
		HideSolutionNode = FALSE
	EndGlobalSection
	GlobalSection(ExtensibilityGlobals) = postSolution
		SolutionGuid = {E6182D21-0774-4ACF-A2D6-43B7C2641743}
	EndGlobalSection
EndGlobal
